
Microsoft Visual Studio Solution File, Format Version 12.00
# Visual Studio Version 16
VisualStudioVersion = 16.0.31702.278
MinimumVisualStudioVersion = 10.0.40219.1
Project("{FAE04EC0-301F-11D3-BF4B-00C04F79EFBC}") = "Task1Lab7", "Task1Lab7\Task1Lab7.csproj", "{FD17C057-1978-443E-A70E-8636CF69FB74}"
EndProject
Global
	GlobalSection(SolutionConfigurationPlatforms) = preSolution
		Debug|Any CPU = Debug|Any CPU
		Release|Any CPU = Release|Any CPU
	EndGlobalSection
	GlobalSection(ProjectConfigurationPlatforms) = postSolution
		{FD17C057-1978-443E-A70E-8636CF69FB74}.Debug|Any CPU.ActiveCfg = Debug|Any CPU
		{FD17C057-1978-443E-A70E-8636CF69FB74}.Debug|Any CPU.Build.0 = Debug|Any CPU
		{FD17C057-1978-443E-A70E-8636CF69FB74}.Release|Any CPU.ActiveCfg = Release|Any CPU
		{FD17C057-1978-443E-A70E-8636CF69FB74}.Release|Any CPU.Build.0 = Release|Any CPU
	EndGlobalSection
	GlobalSection(SolutionProperties) = preSolution
		HideSolutionNode = FALSE
	EndGlobalSection
	GlobalSection(ExtensibilityGlobals) = postSolution
		SolutionGuid = {810F4D39-3282-4BE1-A73B-D8B6D5BF86FE}
	EndGlobalSection
EndGlobal
